{
  "name": "Autoecommerce",
  "lockfileVersion": 3,
  "requires": true,
  "packages": {
    "": {
      "dependencies": {
        "render-api": "^1.2.2"
      }
    },
    "node_modules/render-api": {
      "version": "1.2.2",
      "resolved": "https://registry.npmjs.org/render-api/-/render-api-1.2.2.tgz",
      "integrity": "sha512-+Ezi2Ad2zj/WpD4PKIF46Krpc2GC30Sh7gEcoKfd7MgcTVhXIpZWY0NU0Phj76IBJ6RhYF3kNtcHRcP9xSIY4Q==",
      "license": "MIT",
      "dependencies": {
        "zod": "^3.23.8"
      }
    },
    "node_modules/zod": {
      "version": "3.25.76",
      "resolved": "https://registry.npmjs.org/zod/-/zod-3.25.76.tgz",
      "integrity": "sha512-gzUt/qt81nXsFGKIFcC3YnfEAx5NkunCfnDlvuBSSFS02bcXu4Lmea0AFIUwbLWxWPx3d9p8S5QoaujKcNQxcQ==",
      "license": "MIT",
      "funding": {
        "url": "https://github.com/sponsors/colinhacks"
      }
    }
  }
}
